
Microsoft Visual Studio Solution File, Format Version 12.00
# Visual Studio Version 17
VisualStudioVersion = 17.9.34701.34
MinimumVisualStudioVersion = 10.0.40219.1
Project("{2150E333-8FDC-42A3-9474-1A3956D46DE8}") = "Solution Items", "Solution Items", "{1489EA4A-3912-41D6-8655-597D224EEF6E}"
	ProjectSection(SolutionItems) = preProject
		.editorconfig = .editorconfig
		Directory.Build.props = Directory.Build.props
	EndProjectSection
EndProject
Project("{2150E333-8FDC-42A3-9474-1A3956D46DE8}") = "src", "src", "{B2DACA48-4335-4C4E-B890-1B96BEA9DAC6}"
EndProject
Project("{2150E333-8FDC-42A3-9474-1A3956D46DE8}") = "API", "API", "{FB742633-A63E-422B-8EF3-B168E8DC07E8}"
EndProject
Project("{2150E333-8FDC-42A3-9474-1A3956D46DE8}") = "Modules", "Modules", "{A1AC4679-C096-44E4-8492-0D3C8648B7F1}"
EndProject
Project("{2150E333-8FDC-42A3-9474-1A3956D46DE8}") = "Events", "Events", "{CA188C77-724D-48C0-8D8D-D69C584FE52E}"
EndProject
Project("{FAE04EC0-301F-11D3-BF4B-00C04F79EFBC}") = "Evently.Api", "src\API\Evently.Api\Evently.Api.csproj", "{0DCD142F-7F51-47ED-B936-2997652BD880}"
EndProject
Project("{E53339B2-1760-4266-BCC7-CA923CBCF16C}") = "docker-compose", "docker-compose.dcproj", "{1B2BECCC-DACE-4B71-A00D-A546710EE958}"
EndProject
Project("{FAE04EC0-301F-11D3-BF4B-00C04F79EFBC}") = "Evently.Modules.Events.Domain", "src\Modules\Events\Evently.Modules.Events.Domain\Evently.Modules.Events.Domain.csproj", "{3A1C71D3-CB69-41F3-9912-439F56A4B56C}"
EndProject
Project("{FAE04EC0-301F-11D3-BF4B-00C04F79EFBC}") = "Evently.Modules.Events.Application", "src\Modules\Events\Evently.Modules.Events.Application\Evently.Modules.Events.Application.csproj", "{77B006F5-36E7-419D-8DAF-A1D5E53C7849}"
EndProject
Project("{FAE04EC0-301F-11D3-BF4B-00C04F79EFBC}") = "Evently.Modules.Events.Infrastructure", "src\Modules\Events\Evently.Modules.Events.Infrastructure\Evently.Modules.Events.Infrastructure.csproj", "{C7C0C9F3-047F-4A84-A7F1-19C6DCA89319}"
EndProject
Project("{FAE04EC0-301F-11D3-BF4B-00C04F79EFBC}") = "Evently.Modules.Events.Presentation", "src\Modules\Events\Evently.Modules.Events.Presentation\Evently.Modules.Events.Presentation.csproj", "{06D5E88A-57DB-47D6-8B3F-DEB97EA4BB33}"
EndProject
Project("{2150E333-8FDC-42A3-9474-1A3956D46DE8}") = "Common", "Common", "{4D9E047F-CFAC-4239-8CB9-BE95E3075AA9}"
EndProject
Project("{FAE04EC0-301F-11D3-BF4B-00C04F79EFBC}") = "Evently.Common.Application", "src\Common\Evently.Common.Application\Evently.Common.Application.csproj", "{8748B463-6268-4A22-A17C-CDFE500F8837}"
EndProject
Project("{FAE04EC0-301F-11D3-BF4B-00C04F79EFBC}") = "Evently.Common.Domain", "src\Common\Evently.Common.Domain\Evently.Common.Domain.csproj", "{6A6367DD-9F2E-414B-AAB0-488051168ED0}"
EndProject
Project("{FAE04EC0-301F-11D3-BF4B-00C04F79EFBC}") = "Evently.Common.Infrastructure", "src\Common\Evently.Common.Infrastructure\Evently.Common.Infrastructure.csproj", "{B23A8875-4D21-4EAA-AD0D-1ED93C0FEB8E}"
EndProject
Project("{FAE04EC0-301F-11D3-BF4B-00C04F79EFBC}") = "Evently.Common.Presentation", "src\Common\Evently.Common.Presentation\Evently.Common.Presentation.csproj", "{37C7E682-17F2-46AC-B017-86EBE1FD1F2F}"
EndProject
Project("{2150E333-8FDC-42A3-9474-1A3956D46DE8}") = "Ticketing", "Ticketing", "{FC0D9351-C68E-4E65-988E-C73173AB70FE}"
EndProject
Project("{2150E333-8FDC-42A3-9474-1A3956D46DE8}") = "Users", "Users", "{F2387DC5-5164-41C8-AA31-512E8B8D6188}"
EndProject
Project("{2150E333-8FDC-42A3-9474-1A3956D46DE8}") = "Attendance", "Attendance", "{27726219-45EA-4391-832B-EF3424BC6FA7}"
EndProject
Project("{FAE04EC0-301F-11D3-BF4B-00C04F79EFBC}") = "Evently.Modules.Users.Application", "src\Modules\Users\Evently.Modules.Users.Application\Evently.Modules.Users.Application.csproj", "{AD9860E9-1D1D-4109-A5A5-8A10ED5BAB14}"
EndProject
Project("{FAE04EC0-301F-11D3-BF4B-00C04F79EFBC}") = "Evently.Modules.Ticketing.Application", "src\Modules\Ticketing\Evently.Modules.Ticketing.Application\Evently.Modules.Ticketing.Application.csproj", "{4C2B226E-FE11-4F8B-A270-C36D3574805D}"
EndProject
Project("{FAE04EC0-301F-11D3-BF4B-00C04F79EFBC}") = "Evently.Modules.Ticketing.Domain", "src\Modules\Ticketing\Evently.Modules.Ticketing.Domain\Evently.Modules.Ticketing.Domain.csproj", "{6598EBB3-6D4F-4CE6-B5C0-9FBBA8DF4FF7}"
EndProject
Project("{FAE04EC0-301F-11D3-BF4B-00C04F79EFBC}") = "Evently.Modules.Ticketing.Infrastructure", "src\Modules\Ticketing\Evently.Modules.Ticketing.Infrastructure\Evently.Modules.Ticketing.Infrastructure.csproj", "{7948F24F-9237-4DD8-B170-9955C6A7C4E2}"
EndProject
Project("{FAE04EC0-301F-11D3-BF4B-00C04F79EFBC}") = "Evently.Modules.Ticketing.Presentation", "src\Modules\Ticketing\Evently.Modules.Ticketing.Presentation\Evently.Modules.Ticketing.Presentation.csproj", "{D5130265-ECC1-41EC-BA00-ACB140FBC815}"
EndProject
Project("{FAE04EC0-301F-11D3-BF4B-00C04F79EFBC}") = "Evently.Modules.Users.Domain", "src\Modules\Users\Evently.Modules.Users.Domain\Evently.Modules.Users.Domain.csproj", "{FB97A6B4-0958-45B2-8FFA-A9EAA3D12F7A}"
EndProject
Project("{FAE04EC0-301F-11D3-BF4B-00C04F79EFBC}") = "Evently.Modules.Users.Presentation", "src\Modules\Users\Evently.Modules.Users.Presentation\Evently.Modules.Users.Presentation.csproj", "{CC566021-C083-4DF2-81D1-5845298A5BAA}"
EndProject
Project("{FAE04EC0-301F-11D3-BF4B-00C04F79EFBC}") = "Evently.Modules.Users.Infrastructure", "src\Modules\Users\Evently.Modules.Users.Infrastructure\Evently.Modules.Users.Infrastructure.csproj", "{A57E2C3D-EA8D-4445-AFBA-62C9985701DB}"
EndProject
Project("{FAE04EC0-301F-11D3-BF4B-00C04F79EFBC}") = "Evently.Modules.Users.IntegrationEvents", "src\Modules\Users\Evently.Modules.Users.IntegrationEvents\Evently.Modules.Users.IntegrationEvents.csproj", "{DEA12A93-88EA-4FF9-87A0-F11F53036C32}"
EndProject
Global
	GlobalSection(SolutionConfigurationPlatforms) = preSolution
		Debug|Any CPU = Debug|Any CPU
		Release|Any CPU = Release|Any CPU
	EndGlobalSection
	GlobalSection(ProjectConfigurationPlatforms) = postSolution
		{0DCD142F-7F51-47ED-B936-2997652BD880}.Debug|Any CPU.ActiveCfg = Debug|Any CPU
		{0DCD142F-7F51-47ED-B936-2997652BD880}.Debug|Any CPU.Build.0 = Debug|Any CPU
		{0DCD142F-7F51-47ED-B936-2997652BD880}.Release|Any CPU.ActiveCfg = Release|Any CPU
		{0DCD142F-7F51-47ED-B936-2997652BD880}.Release|Any CPU.Build.0 = Release|Any CPU
		{1B2BECCC-DACE-4B71-A00D-A546710EE958}.Debug|Any CPU.ActiveCfg = Debug|Any CPU
		{1B2BECCC-DACE-4B71-A00D-A546710EE958}.Debug|Any CPU.Build.0 = Debug|Any CPU
		{1B2BECCC-DACE-4B71-A00D-A546710EE958}.Release|Any CPU.ActiveCfg = Release|Any CPU
		{1B2BECCC-DACE-4B71-A00D-A546710EE958}.Release|Any CPU.Build.0 = Release|Any CPU
		{3A1C71D3-CB69-41F3-9912-439F56A4B56C}.Debug|Any CPU.ActiveCfg = Debug|Any CPU
		{3A1C71D3-CB69-41F3-9912-439F56A4B56C}.Debug|Any CPU.Build.0 = Debug|Any CPU
		{3A1C71D3-CB69-41F3-9912-439F56A4B56C}.Release|Any CPU.ActiveCfg = Release|Any CPU
		{3A1C71D3-CB69-41F3-9912-439F56A4B56C}.Release|Any CPU.Build.0 = Release|Any CPU
		{77B006F5-36E7-419D-8DAF-A1D5E53C7849}.Debug|Any CPU.ActiveCfg = Debug|Any CPU
		{77B006F5-36E7-419D-8DAF-A1D5E53C7849}.Debug|Any CPU.Build.0 = Debug|Any CPU
		{77B006F5-36E7-419D-8DAF-A1D5E53C7849}.Release|Any CPU.ActiveCfg = Release|Any CPU
		{77B006F5-36E7-419D-8DAF-A1D5E53C7849}.Release|Any CPU.Build.0 = Release|Any CPU
		{C7C0C9F3-047F-4A84-A7F1-19C6DCA89319}.Debug|Any CPU.ActiveCfg = Debug|Any CPU
		{C7C0C9F3-047F-4A84-A7F1-19C6DCA89319}.Debug|Any CPU.Build.0 = Debug|Any CPU
		{C7C0C9F3-047F-4A84-A7F1-19C6DCA89319}.Release|Any CPU.ActiveCfg = Release|Any CPU
		{C7C0C9F3-047F-4A84-A7F1-19C6DCA89319}.Release|Any CPU.Build.0 = Release|Any CPU
		{06D5E88A-57DB-47D6-8B3F-DEB97EA4BB33}.Debug|Any CPU.ActiveCfg = Debug|Any CPU
		{06D5E88A-57DB-47D6-8B3F-DEB97EA4BB33}.Debug|Any CPU.Build.0 = Debug|Any CPU
		{06D5E88A-57DB-47D6-8B3F-DEB97EA4BB33}.Release|Any CPU.ActiveCfg = Release|Any CPU
		{06D5E88A-57DB-47D6-8B3F-DEB97EA4BB33}.Release|Any CPU.Build.0 = Release|Any CPU
		{8748B463-6268-4A22-A17C-CDFE500F8837}.Debug|Any CPU.ActiveCfg = Debug|Any CPU
		{8748B463-6268-4A22-A17C-CDFE500F8837}.Debug|Any CPU.Build.0 = Debug|Any CPU
		{8748B463-6268-4A22-A17C-CDFE500F8837}.Release|Any CPU.ActiveCfg = Release|Any CPU
		{8748B463-6268-4A22-A17C-CDFE500F8837}.Release|Any CPU.Build.0 = Release|Any CPU
		{6A6367DD-9F2E-414B-AAB0-488051168ED0}.Debug|Any CPU.ActiveCfg = Debug|Any CPU
		{6A6367DD-9F2E-414B-AAB0-488051168ED0}.Debug|Any CPU.Build.0 = Debug|Any CPU
		{6A6367DD-9F2E-414B-AAB0-488051168ED0}.Release|Any CPU.ActiveCfg = Release|Any CPU
		{6A6367DD-9F2E-414B-AAB0-488051168ED0}.Release|Any CPU.Build.0 = Release|Any CPU
		{B23A8875-4D21-4EAA-AD0D-1ED93C0FEB8E}.Debug|Any CPU.ActiveCfg = Debug|Any CPU
		{B23A8875-4D21-4EAA-AD0D-1ED93C0FEB8E}.Debug|Any CPU.Build.0 = Debug|Any CPU
		{B23A8875-4D21-4EAA-AD0D-1ED93C0FEB8E}.Release|Any CPU.ActiveCfg = Release|Any CPU
		{B23A8875-4D21-4EAA-AD0D-1ED93C0FEB8E}.Release|Any CPU.Build.0 = Release|Any CPU
		{37C7E682-17F2-46AC-B017-86EBE1FD1F2F}.Debug|Any CPU.ActiveCfg = Debug|Any CPU
		{37C7E682-17F2-46AC-B017-86EBE1FD1F2F}.Debug|Any CPU.Build.0 = Debug|Any CPU
		{37C7E682-17F2-46AC-B017-86EBE1FD1F2F}.Release|Any CPU.ActiveCfg = Release|Any CPU
		{37C7E682-17F2-46AC-B017-86EBE1FD1F2F}.Release|Any CPU.Build.0 = Release|Any CPU
		{AD9860E9-1D1D-4109-A5A5-8A10ED5BAB14}.Debug|Any CPU.ActiveCfg = Debug|Any CPU
		{AD9860E9-1D1D-4109-A5A5-8A10ED5BAB14}.Debug|Any CPU.Build.0 = Debug|Any CPU
		{AD9860E9-1D1D-4109-A5A5-8A10ED5BAB14}.Release|Any CPU.ActiveCfg = Release|Any CPU
		{AD9860E9-1D1D-4109-A5A5-8A10ED5BAB14}.Release|Any CPU.Build.0 = Release|Any CPU
		{4C2B226E-FE11-4F8B-A270-C36D3574805D}.Debug|Any CPU.ActiveCfg = Debug|Any CPU
		{4C2B226E-FE11-4F8B-A270-C36D3574805D}.Debug|Any CPU.Build.0 = Debug|Any CPU
		{4C2B226E-FE11-4F8B-A270-C36D3574805D}.Release|Any CPU.ActiveCfg = Release|Any CPU
		{4C2B226E-FE11-4F8B-A270-C36D3574805D}.Release|Any CPU.Build.0 = Release|Any CPU
		{6598EBB3-6D4F-4CE6-B5C0-9FBBA8DF4FF7}.Debug|Any CPU.ActiveCfg = Debug|Any CPU
		{6598EBB3-6D4F-4CE6-B5C0-9FBBA8DF4FF7}.Debug|Any CPU.Build.0 = Debug|Any CPU
		{6598EBB3-6D4F-4CE6-B5C0-9FBBA8DF4FF7}.Release|Any CPU.ActiveCfg = Release|Any CPU
		{6598EBB3-6D4F-4CE6-B5C0-9FBBA8DF4FF7}.Release|Any CPU.Build.0 = Release|Any CPU
		{7948F24F-9237-4DD8-B170-9955C6A7C4E2}.Debug|Any CPU.ActiveCfg = Debug|Any CPU
		{7948F24F-9237-4DD8-B170-9955C6A7C4E2}.Debug|Any CPU.Build.0 = Debug|Any CPU
		{7948F24F-9237-4DD8-B170-9955C6A7C4E2}.Release|Any CPU.ActiveCfg = Release|Any CPU
		{7948F24F-9237-4DD8-B170-9955C6A7C4E2}.Release|Any CPU.Build.0 = Release|Any CPU
		{D5130265-ECC1-41EC-BA00-ACB140FBC815}.Debug|Any CPU.ActiveCfg = Debug|Any CPU
		{D5130265-ECC1-41EC-BA00-ACB140FBC815}.Debug|Any CPU.Build.0 = Debug|Any CPU
		{D5130265-ECC1-41EC-BA00-ACB140FBC815}.Release|Any CPU.ActiveCfg = Release|Any CPU
		{D5130265-ECC1-41EC-BA00-ACB140FBC815}.Release|Any CPU.Build.0 = Release|Any CPU
		{FB97A6B4-0958-45B2-8FFA-A9EAA3D12F7A}.Debug|Any CPU.ActiveCfg = Debug|Any CPU
		{FB97A6B4-0958-45B2-8FFA-A9EAA3D12F7A}.Debug|Any CPU.Build.0 = Debug|Any CPU
		{FB97A6B4-0958-45B2-8FFA-A9EAA3D12F7A}.Release|Any CPU.ActiveCfg = Release|Any CPU
		{FB97A6B4-0958-45B2-8FFA-A9EAA3D12F7A}.Release|Any CPU.Build.0 = Release|Any CPU
		{CC566021-C083-4DF2-81D1-5845298A5BAA}.Debug|Any CPU.ActiveCfg = Debug|Any CPU
		{CC566021-C083-4DF2-81D1-5845298A5BAA}.Debug|Any CPU.Build.0 = Debug|Any CPU
		{CC566021-C083-4DF2-81D1-5845298A5BAA}.Release|Any CPU.ActiveCfg = Release|Any CPU
		{CC566021-C083-4DF2-81D1-5845298A5BAA}.Release|Any CPU.Build.0 = Release|Any CPU
		{A57E2C3D-EA8D-4445-AFBA-62C9985701DB}.Debug|Any CPU.ActiveCfg = Debug|Any CPU
		{A57E2C3D-EA8D-4445-AFBA-62C9985701DB}.Debug|Any CPU.Build.0 = Debug|Any CPU
		{A57E2C3D-EA8D-4445-AFBA-62C9985701DB}.Release|Any CPU.ActiveCfg = Release|Any CPU
		{A57E2C3D-EA8D-4445-AFBA-62C9985701DB}.Release|Any CPU.Build.0 = Release|Any CPU
		{DEA12A93-88EA-4FF9-87A0-F11F53036C32}.Debug|Any CPU.ActiveCfg = Debug|Any CPU
		{DEA12A93-88EA-4FF9-87A0-F11F53036C32}.Debug|Any CPU.Build.0 = Debug|Any CPU
		{DEA12A93-88EA-4FF9-87A0-F11F53036C32}.Release|Any CPU.ActiveCfg = Release|Any CPU
		{DEA12A93-88EA-4FF9-87A0-F11F53036C32}.Release|Any CPU.Build.0 = Release|Any CPU
	EndGlobalSection
	GlobalSection(SolutionProperties) = preSolution
		HideSolutionNode = FALSE
	EndGlobalSection
	GlobalSection(NestedProjects) = preSolution
		{FB742633-A63E-422B-8EF3-B168E8DC07E8} = {B2DACA48-4335-4C4E-B890-1B96BEA9DAC6}
		{A1AC4679-C096-44E4-8492-0D3C8648B7F1} = {B2DACA48-4335-4C4E-B890-1B96BEA9DAC6}
		{CA188C77-724D-48C0-8D8D-D69C584FE52E} = {A1AC4679-C096-44E4-8492-0D3C8648B7F1}
		{0DCD142F-7F51-47ED-B936-2997652BD880} = {FB742633-A63E-422B-8EF3-B168E8DC07E8}
		{3A1C71D3-CB69-41F3-9912-439F56A4B56C} = {CA188C77-724D-48C0-8D8D-D69C584FE52E}
		{77B006F5-36E7-419D-8DAF-A1D5E53C7849} = {CA188C77-724D-48C0-8D8D-D69C584FE52E}
		{C7C0C9F3-047F-4A84-A7F1-19C6DCA89319} = {CA188C77-724D-48C0-8D8D-D69C584FE52E}
		{06D5E88A-57DB-47D6-8B3F-DEB97EA4BB33} = {CA188C77-724D-48C0-8D8D-D69C584FE52E}
		{4D9E047F-CFAC-4239-8CB9-BE95E3075AA9} = {B2DACA48-4335-4C4E-B890-1B96BEA9DAC6}
		{8748B463-6268-4A22-A17C-CDFE500F8837} = {4D9E047F-CFAC-4239-8CB9-BE95E3075AA9}
		{6A6367DD-9F2E-414B-AAB0-488051168ED0} = {4D9E047F-CFAC-4239-8CB9-BE95E3075AA9}
		{B23A8875-4D21-4EAA-AD0D-1ED93C0FEB8E} = {4D9E047F-CFAC-4239-8CB9-BE95E3075AA9}
		{37C7E682-17F2-46AC-B017-86EBE1FD1F2F} = {4D9E047F-CFAC-4239-8CB9-BE95E3075AA9}
		{FC0D9351-C68E-4E65-988E-C73173AB70FE} = {A1AC4679-C096-44E4-8492-0D3C8648B7F1}
		{F2387DC5-5164-41C8-AA31-512E8B8D6188} = {A1AC4679-C096-44E4-8492-0D3C8648B7F1}
		{27726219-45EA-4391-832B-EF3424BC6FA7} = {A1AC4679-C096-44E4-8492-0D3C8648B7F1}
		{AD9860E9-1D1D-4109-A5A5-8A10ED5BAB14} = {F2387DC5-5164-41C8-AA31-512E8B8D6188}
		{4C2B226E-FE11-4F8B-A270-C36D3574805D} = {FC0D9351-C68E-4E65-988E-C73173AB70FE}
		{6598EBB3-6D4F-4CE6-B5C0-9FBBA8DF4FF7} = {FC0D9351-C68E-4E65-988E-C73173AB70FE}
		{7948F24F-9237-4DD8-B170-9955C6A7C4E2} = {FC0D9351-C68E-4E65-988E-C73173AB70FE}
		{D5130265-ECC1-41EC-BA00-ACB140FBC815} = {FC0D9351-C68E-4E65-988E-C73173AB70FE}
		{FB97A6B4-0958-45B2-8FFA-A9EAA3D12F7A} = {F2387DC5-5164-41C8-AA31-512E8B8D6188}
		{CC566021-C083-4DF2-81D1-5845298A5BAA} = {F2387DC5-5164-41C8-AA31-512E8B8D6188}
		{A57E2C3D-EA8D-4445-AFBA-62C9985701DB} = {F2387DC5-5164-41C8-AA31-512E8B8D6188}
		{DEA12A93-88EA-4FF9-87A0-F11F53036C32} = {F2387DC5-5164-41C8-AA31-512E8B8D6188}
	EndGlobalSection
	GlobalSection(ExtensibilityGlobals) = postSolution
		SolutionGuid = {1E42AE86-7F3C-45F4-A386-AB71CC4446CB}
	EndGlobalSection
EndGlobal
